
Microsoft Visual Studio Solution File, Format Version 12.00
# Visual Studio Version 17
VisualStudioVersion = 17.3.32929.385
MinimumVisualStudioVersion = 10.0.40219.1
Project("{FAE04EC0-301F-11D3-BF4B-00C04F79EFBC}") = "hw-lesson-22", "hw-lesson-22.csproj", "{DB4FF61F-059A-4A36-95A2-BD512BEB181B}"
EndProject
Global
	GlobalSection(SolutionConfigurationPlatforms) = preSolution
		Debug|Any CPU = Debug|Any CPU
		Release|Any CPU = Release|Any CPU
	EndGlobalSection
	GlobalSection(ProjectConfigurationPlatforms) = postSolution
		{DB4FF61F-059A-4A36-95A2-BD512BEB181B}.Debug|Any CPU.ActiveCfg = Debug|Any CPU
		{DB4FF61F-059A-4A36-95A2-BD512BEB181B}.Debug|Any CPU.Build.0 = Debug|Any CPU
		{DB4FF61F-059A-4A36-95A2-BD512BEB181B}.Release|Any CPU.ActiveCfg = Release|Any CPU
		{DB4FF61F-059A-4A36-95A2-BD512BEB181B}.Release|Any CPU.Build.0 = Release|Any CPU
	EndGlobalSection
	GlobalSection(SolutionProperties) = preSolution
		HideSolutionNode = FALSE
	EndGlobalSection
	GlobalSection(ExtensibilityGlobals) = postSolution
		SolutionGuid = {A1460A94-DC89-4A4D-AAF2-D3D8A7E8B261}
	EndGlobalSection
EndGlobal
